
Microsoft Visual Studio Solution File, Format Version 12.00
# Visual Studio Version 17
VisualStudioVersion = 17.4.33205.214
MinimumVisualStudioVersion = 10.0.40219.1
Project("{FAE04EC0-301F-11D3-BF4B-00C04F79EFBC}") = "LinkShortener", "LinkShortener\LinkShortener.csproj", "{3DC116AD-9E10-4520-A728-C5B879D0F250}"
EndProject
Global
	GlobalSection(SolutionConfigurationPlatforms) = preSolution
		Debug|Any CPU = Debug|Any CPU
		Release|Any CPU = Release|Any CPU
	EndGlobalSection
	GlobalSection(ProjectConfigurationPlatforms) = postSolution
		{3DC116AD-9E10-4520-A728-C5B879D0F250}.Debug|Any CPU.ActiveCfg = Debug|Any CPU
		{3DC116AD-9E10-4520-A728-C5B879D0F250}.Debug|Any CPU.Build.0 = Debug|Any CPU
		{3DC116AD-9E10-4520-A728-C5B879D0F250}.Release|Any CPU.ActiveCfg = Release|Any CPU
		{3DC116AD-9E10-4520-A728-C5B879D0F250}.Release|Any CPU.Build.0 = Release|Any CPU
	EndGlobalSection
	GlobalSection(SolutionProperties) = preSolution
		HideSolutionNode = FALSE
	EndGlobalSection
	GlobalSection(ExtensibilityGlobals) = postSolution
		SolutionGuid = {384A86F3-EB41-4377-8450-743363699715}
	EndGlobalSection
EndGlobal
